// !$*UTF8*$!
{
	archiveVersion = 1;
	classes = {
	};
	objectVersion = 50;
	objects = {

/* Begin PBXBuildFile section */
		F87CAE6C2415D6660009FEFF /* AppDelegate.swift in Sources */ = {isa = PBXBuildFile; fileRef = F87CAE6B2415D6660009FEFF /* AppDelegate.swift */; };
		F87CAE6E2415D6660009FEFF /* SceneDelegate.swift in Sources */ = {isa = PBXBuildFile; fileRef = F87CAE6D2415D6660009FEFF /* SceneDelegate.swift */; };
		F87CAE702415D6660009FEFF /* ViewController.swift in Sources */ = {isa = PBXBuildFile; fileRef = F87CAE6F2415D6660009FEFF /* ViewController.swift */; };
		F87CAE732415D6660009FEFF /* Main.storyboard in Resources */ = {isa = PBXBuildFile; fileRef = F87CAE712415D6660009FEFF /* Main.storyboard */; };
		F87CAE752415D6690009FEFF /* Assets.xcassets in Resources */ = {isa = PBXBuildFile; fileRef = F87CAE742415D6690009FEFF /* Assets.xcassets */; };
		F87CAE782415D6690009FEFF /* LaunchScreen.storyboard in Resources */ = {isa = PBXBuildFile; fileRef = F87CAE762415D6690009FEFF /* LaunchScreen.storyboard */; };
		F87CAE802416042D0009FEFF /* CBR250rr.swift in Sources */ = {isa = PBXBuildFile; fileRef = F87CAE7F2416042D0009FEFF /* CBR250rr.swift */; };
		F87CAE822417C2C60009FEFF /* CBR600rr.swift in Sources */ = {isa = PBXBuildFile; fileRef = F87CAE812417C2C60009FEFF /* CBR600rr.swift */; };
		F87CAE842417C41A0009FEFF /* CBR650r.swift in Sources */ = {isa = PBXBuildFile; fileRef = F87CAE832417C41A0009FEFF /* CBR650r.swift */; };
		F87CAE862417C6B50009FEFF /* CBR1000rr.swift in Sources */ = {isa = PBXBuildFile; fileRef = F87CAE852417C6B50009FEFF /* CBR1000rr.swift */; };
		F87CAE882417C80E0009FEFF /* CBR500r.swift in Sources */ = {isa = PBXBuildFile; fileRef = F87CAE872417C80E0009FEFF /* CBR500r.swift */; };
		F87CAE8C2417ED660009FEFF /* CB300r.swift in Sources */ = {isa = PBXBuildFile; fileRef = F87CAE8B2417ED660009FEFF /* CB300r.swift */; };
		F87CAE8E2418AF750009FEFF /* CB650r.swift in Sources */ = {isa = PBXBuildFile; fileRef = F87CAE8D2418AF750009FEFF /* CB650r.swift */; };
		F87CAE902418B28F0009FEFF /* CB1000r.swift in Sources */ = {isa = PBXBuildFile; fileRef = F87CAE8F2418B28F0009FEFF /* CB1000r.swift */; };
		F87CAE922418BAE00009FEFF /* my_MT-03.swift in Sources */ = {isa = PBXBuildFile; fileRef = F87CAE912418BAE00009FEFF /* my_MT-03.swift */; };
/* End PBXBuildFile section */

/* Begin PBXFileReference section */
		F87CAE682415D6660009FEFF /* Ebook.app */ = {isa = PBXFileReference; explicitFileType = wrapper.application; includeInIndex = 0; path = Ebook.app; sourceTree = BUILT_PRODUCTS_DIR; };
		F87CAE6B2415D6660009FEFF /* AppDelegate.swift */ = {isa = PBXFileReference; lastKnownFileType = sourcecode.swift; path = AppDelegate.swift; sourceTree = "<group>"; };
		F87CAE6D2415D6660009FEFF /* SceneDelegate.swift */ = {isa = PBXFileReference; lastKnownFileType = sourcecode.swift; path = SceneDelegate.swift; sourceTree = "<group>"; };
		F87CAE6F2415D6660009FEFF /* ViewController.swift */ = {isa = PBXFileReference; lastKnownFileType = sourcecode.swift; path = ViewController.swift; sourceTree = "<group>"; };
		F87CAE722415D6660009FEFF /* Base */ = {isa = PBXFileReference; lastKnownFileType = file.storyboard; name = Base; path = Base.lproj/Main.storyboard; sourceTree = "<group>"; };
		F87CAE742415D6690009FEFF /* Assets.xcassets */ = {isa = PBXFileReference; lastKnownFileType = folder.assetcatalog; path = Assets.xcassets; sourceTree = "<group>"; };
		F87CAE772415D6690009FEFF /* Base */ = {isa = PBXFileReference; lastKnownFileType = file.storyboard; name = Base; path = Base.lproj/LaunchScreen.storyboard; sourceTree = "<group>"; };
		F87CAE792415D6690009FEFF /* Info.plist */ = {isa = PBXFileReference; lastKnownFileType = text.plist.xml; path = Info.plist; sourceTree = "<group>"; };
		F87CAE7F2416042D0009FEFF /* CBR250rr.swift */ = {isa = PBXFileReference; lastKnownFileType = sourcecode.swift; path = CBR250rr.swift; sourceTree = "<group>"; };
		F87CAE812417C2C60009FEFF /* CBR600rr.swift */ = {isa = PBXFileReference; lastKnownFileType = sourcecode.swift; path = CBR600rr.swift; sourceTree = "<group>"; };
		F87CAE832417C41A0009FEFF /* CBR650r.swift */ = {isa = PBXFileReference; lastKnownFileType = sourcecode.swift; path = CBR650r.swift; sourceTree = "<group>"; };
		F87CAE852417C6B50009FEFF /* CBR1000rr.swift */ = {isa = PBXFileReference; lastKnownFileType = sourcecode.swift; path = CBR1000rr.swift; sourceTree = "<group>"; };
		F87CAE872417C80E0009FEFF /* CBR500r.swift */ = {isa = PBXFileReference; lastKnownFileType = sourcecode.swift; path = CBR500r.swift; sourceTree = "<group>"; };
		F87CAE8B2417ED660009FEFF /* CB300r.swift */ = {isa = PBXFileReference; lastKnownFileType = sourcecode.swift; path = CB300r.swift; sourceTree = "<group>"; };
		F87CAE8D2418AF750009FEFF /* CB650r.swift */ = {isa = PBXFileReference; lastKnownFileType = sourcecode.swift; path = CB650r.swift; sourceTree = "<group>"; };
		F87CAE8F2418B28F0009FEFF /* CB1000r.swift */ = {isa = PBXFileReference; lastKnownFileType = sourcecode.swift; path = CB1000r.swift; sourceTree = "<group>"; };
		F87CAE912418BAE00009FEFF /* my_MT-03.swift */ = {isa = PBXFileReference; lastKnownFileType = sourcecode.swift; path = "my_MT-03.swift"; sourceTree = "<group>"; };
/* End PBXFileReference section */

/* Begin PBXFrameworksBuildPhase section */
		F87CAE652415D6660009FEFF /* Frameworks */ = {
			isa = PBXFrameworksBuildPhase;
			buildActionMask = 2147483647;
			files = (
			);
			runOnlyForDeploymentPostprocessing = 0;
		};
/* End PBXFrameworksBuildPhase section */

/* Begin PBXGroup section */
		F87CAE5F2415D6650009FEFF = {
			isa = PBXGroup;
			children = (
				F87CAE6A2415D6660009FEFF /* Ebook */,
				F87CAE692415D6660009FEFF /* Products */,
			);
			sourceTree = "<group>";
		};
		F87CAE692415D6660009FEFF /* Products */ = {
			isa = PBXGroup;
			children = (
				F87CAE682415D6660009FEFF /* Ebook.app */,
			);
			name = Products;
			sourceTree = "<group>";
		};
		F87CAE6A2415D6660009FEFF /* Ebook */ = {
			isa = PBXGroup;
			children = (
				F87CAE6B2415D6660009FEFF /* AppDelegate.swift */,
				F87CAE6D2415D6660009FEFF /* SceneDelegate.swift */,
				F87CAE6F2415D6660009FEFF /* ViewController.swift */,
				F87CAE712415D6660009FEFF /* Main.storyboard */,
				F87CAE742415D6690009FEFF /* Assets.xcassets */,
				F87CAE762415D6690009FEFF /* LaunchScreen.storyboard */,
				F87CAE792415D6690009FEFF /* Info.plist */,
				F87CAE7F2416042D0009FEFF /* CBR250rr.swift */,
				F87CAE812417C2C60009FEFF /* CBR600rr.swift */,
				F87CAE832417C41A0009FEFF /* CBR650r.swift */,
				F87CAE852417C6B50009FEFF /* CBR1000rr.swift */,
				F87CAE872417C80E0009FEFF /* CBR500r.swift */,
				F87CAE8B2417ED660009FEFF /* CB300r.swift */,
				F87CAE8D2418AF750009FEFF /* CB650r.swift */,
				F87CAE8F2418B28F0009FEFF /* CB1000r.swift */,
				F87CAE912418BAE00009FEFF /* my_MT-03.swift */,
			);
			path = Ebook;
			sourceTree = "<group>";
		};
/* End PBXGroup section */

/* Begin PBXNativeTarget section */
		F87CAE672415D6660009FEFF /* Ebook */ = {
			isa = PBXNativeTarget;
			buildConfigurationList = F87CAE7C2415D6690009FEFF /* Build configuration list for PBXNativeTarget "Ebook" */;
			buildPhases = (
				F87CAE642415D6660009FEFF /* Sources */,
				F87CAE652415D6660009FEFF /* Frameworks */,
				F87CAE662415D6660009FEFF /* Resources */,
			);
			buildRules = (
			);
			dependencies = (
			);
			name = Ebook;
			productName = Ebook;
			productReference = F87CAE682415D6660009FEFF /* Ebook.app */;
			productType = "com.apple.product-type.application";
		};
/* End PBXNativeTarget section */

/* Begin PBXProject section */
		F87CAE602415D6650009FEFF /* Project object */ = {
			isa = PBXProject;
			attributes = {
				LastSwiftUpdateCheck = 1130;
				LastUpgradeCheck = 1130;
				ORGANIZATIONNAME = star;
				TargetAttributes = {
					F87CAE672415D6660009FEFF = {
						CreatedOnToolsVersion = 11.3.1;
					};
				};
			};
			buildConfigurationList = F87CAE632415D6650009FEFF /* Build configuration list for PBXProject "Ebook" */;
			compatibilityVersion = "Xcode 9.3";
			developmentRegion = en;
			hasScannedForEncodings = 0;
			knownRegions = (
				en,
				Base,
			);
			mainGroup = F87CAE5F2415D6650009FEFF;
			productRefGroup = F87CAE692415D6660009FEFF /* Products */;
			projectDirPath = "";
			projectRoot = "";
			targets = (
				F87CAE672415D6660009FEFF /* Ebook */,
			);
		};
/* End PBXProject section */

/* Begin PBXResourcesBuildPhase section */
		F87CAE662415D6660009FEFF /* Resources */ = {
			isa = PBXResourcesBuildPhase;
			buildActionMask = 2147483647;
			files = (
				F87CAE782415D6690009FEFF /* LaunchScreen.storyboard in Resources */,
				F87CAE752415D6690009FEFF /* Assets.xcassets in Resources */,
				F87CAE732415D6660009FEFF /* Main.storyboard in Resources */,
			);
			runOnlyForDeploymentPostprocessing = 0;
		};
/* End PBXResourcesBuildPhase section */

/* Begin PBXSourcesBuildPhase section */
		F87CAE642415D6660009FEFF /* Sources */ = {
			isa = PBXSourcesBuildPhase;
			buildActionMask = 2147483647;
			files = (
				F87CAE702415D6660009FEFF /* ViewController.swift in Sources */,
				F87CAE6C2415D6660009FEFF /* AppDelegate.swift in Sources */,
				F87CAE862417C6B50009FEFF /* CBR1000rr.swift in Sources */,
				F87CAE6E2415D6660009FEFF /* SceneDelegate.swift in Sources */,
				F87CAE802416042D0009FEFF /* CBR250rr.swift in Sources */,
				F87CAE842417C41A0009FEFF /* CBR650r.swift in Sources */,
				F87CAE8C2417ED660009FEFF /* CB300r.swift in Sources */,
				F87CAE922418BAE00009FEFF /* my_MT-03.swift in Sources */,
				F87CAE882417C80E0009FEFF /* CBR500r.swift in Sources */,
				F87CAE822417C2C60009FEFF /* CBR600rr.swift in Sources */,
				F87CAE8E2418AF750009FEFF /* CB650r.swift in Sources */,
				F87CAE902418B28F0009FEFF /* CB1000r.swift in Sources */,
			);
			runOnlyForDeploymentPostprocessing = 0;
		};
/* End PBXSourcesBuildPhase section */

/* Begin PBXVariantGroup section */
		F87CAE712415D6660009FEFF /* Main.storyboard */ = {
			isa = PBXVariantGroup;
			children = (
				F87CAE722415D6660009FEFF /* Base */,
			);
			name = Main.storyboard;
			sourceTree = "<group>";
		};
		F87CAE762415D6690009FEFF /* LaunchScreen.storyboard */ = {
			isa = PBXVariantGroup;
			children = (
				F87CAE772415D6690009FEFF /* Base */,
			);
			name = LaunchScreen.storyboard;
			sourceTree = "<group>";
		};
/* End PBXVariantGroup section */

/* Begin XCBuildConfiguration section */
		F87CAE7A2415D6690009FEFF /* Debug */ = {
			isa = XCBuildConfiguration;
			buildSettings = {
				ALWAYS_SEARCH_USER_PATHS = NO;
				CLANG_ANALYZER_NONNULL = YES;
				CLANG_ANALYZER_NUMBER_OBJECT_CONVERSION = YES_AGGRESSIVE;
				CLANG_CXX_LANGUAGE_STANDARD = "gnu++14";
				CLANG_CXX_LIBRARY = "libc++";
				CLANG_ENABLE_MODULES = YES;
				CLANG_ENABLE_OBJC_ARC = YES;
				CLANG_ENABLE_OBJC_WEAK = YES;
				CLANG_WARN_BLOCK_CAPTURE_AUTORELEASING = YES;
				CLANG_WARN_BOOL_CONVERSION = YES;
				CLANG_WARN_COMMA = YES;
				CLANG_WARN_CONSTANT_CONVERSION = YES;
				CLANG_WARN_DEPRECATED_OBJC_IMPLEMENTATIONS = YES;
				CLANG_WARN_DIRECT_OBJC_ISA_USAGE = YES_ERROR;
				CLANG_WARN_DOCUMENTATION_COMMENTS = YES;
				CLANG_WARN_EMPTY_BODY = YES;
				CLANG_WARN_ENUM_CONVERSION = YES;
				CLANG_WARN_INFINITE_RECURSION = YES;
				CLANG_WARN_INT_CONVERSION = YES;
				CLANG_WARN_NON_LITERAL_NULL_CONVERSION = YES;
				CLANG_WARN_OBJC_IMPLICIT_RETAIN_SELF = YES;
				CLANG_WARN_OBJC_LITERAL_CONVERSION = YES;
				CLANG_WARN_OBJC_ROOT_CLASS = YES_ERROR;
				CLANG_WARN_RANGE_LOOP_ANALYSIS = YES;
				CLANG_WARN_STRICT_PROTOTYPES = YES;
				CLANG_WARN_SUSPICIOUS_MOVE = YES;
				CLANG_WARN_UNGUARDED_AVAILABILITY = YES_AGGRESSIVE;
				CLANG_WARN_UNREACHABLE_CODE = YES;
				CLANG_WARN__DUPLICATE_METHOD_MATCH = YES;
				COPY_PHASE_STRIP = NO;
				DEBUG_INFORMATION_FORMAT = dwarf;
				ENABLE_STRICT_OBJC_MSGSEND = YES;
				ENABLE_TESTABILITY = YES;
				GCC_C_LANGUAGE_STANDARD = gnu11;
				GCC_DYNAMIC_NO_PIC = NO;
				GCC_NO_COMMON_BLOCKS = YES;
				GCC_OPTIMIZATION_LEVEL = 0;
				GCC_PREPROCESSOR_DEFINITIONS = (
					"DEBUG=1",
					"$(inherited)",
				);
				GCC_WARN_64_TO_32_BIT_CONVERSION = YES;
				GCC_WARN_ABOUT_RETURN_TYPE = YES_ERROR;
				GCC_WARN_UNDECLARED_SELECTOR = YES;
				GCC_WARN_UNINITIALIZED_AUTOS = YES_AGGRESSIVE;
				GCC_WARN_UNUSED_FUNCTION = YES;
				GCC_WARN_UNUSED_VARIABLE = YES;
				IPHONEOS_DEPLOYMENT_TARGET = 13.2;
				MTL_ENABLE_DEBUG_INFO = INCLUDE_SOURCE;
				MTL_FAST_MATH = YES;
				ONLY_ACTIVE_ARCH = YES;
				SDKROOT = iphoneos;
				SWIFT_ACTIVE_COMPILATION_CONDITIONS = DEBUG;
				SWIFT_OPTIMIZATION_LEVEL = "-Onone";
			};
			name = Debug;
		};
		F87CAE7B2415D6690009FEFF /* Release */ = {
			isa = XCBuildConfiguration;
			buildSettings = {
				ALWAYS_SEARCH_USER_PATHS = NO;
				CLANG_ANALYZER_NONNULL = YES;
				CLANG_ANALYZER_NUMBER_OBJECT_CONVERSION = YES_AGGRESSIVE;
				CLANG_CXX_LANGUAGE_STANDARD = "gnu++14";
				CLANG_CXX_LIBRARY = "libc++";
				CLANG_ENABLE_MODULES = YES;
				CLANG_ENABLE_OBJC_ARC = YES;
				CLANG_ENABLE_OBJC_WEAK = YES;
				CLANG_WARN_BLOCK_CAPTURE_AUTORELEASING = YES;
				CLANG_WARN_BOOL_CONVERSION = YES;
				CLANG_WARN_COMMA = YES;
				CLANG_WARN_CONSTANT_CONVERSION = YES;
				CLANG_WARN_DEPRECATED_OBJC_IMPLEMENTATIONS = YES;
				CLANG_WARN_DIRECT_OBJC_ISA_USAGE = YES_ERROR;
				CLANG_WARN_DOCUMENTATION_COMMENTS = YES;
				CLANG_WARN_EMPTY_BODY = YES;
				CLANG_WARN_ENUM_CONVERSION = YES;
				CLANG_WARN_INFINITE_RECURSION = YES;
				CLANG_WARN_INT_CONVERSION = YES;
				CLANG_WARN_NON_LITERAL_NULL_CONVERSION = YES;
				CLANG_WARN_OBJC_IMPLICIT_RETAIN_SELF = YES;
				CLANG_WARN_OBJC_LITERAL_CONVERSION = YES;
				CLANG_WARN_OBJC_ROOT_CLASS = YES_ERROR;
				CLANG_WARN_RANGE_LOOP_ANALYSIS = YES;
				CLANG_WARN_STRICT_PROTOTYPES = YES;
				CLANG_WARN_SUSPICIOUS_MOVE = YES;
				CLANG_WARN_UNGUARDED_AVAILABILITY = YES_AGGRESSIVE;
				CLANG_WARN_UNREACHABLE_CODE = YES;
				CLANG_WARN__DUPLICATE_METHOD_MATCH = YES;
				COPY_PHASE_STRIP = NO;
				DEBUG_INFORMATION_FORMAT = "dwarf-with-dsym";
				ENABLE_NS_ASSERTIONS = NO;
				ENABLE_STRICT_OBJC_MSGSEND = YES;
				GCC_C_LANGUAGE_STANDARD = gnu11;
				GCC_NO_COMMON_BLOCKS = YES;
				GCC_WARN_64_TO_32_BIT_CONVERSION = YES;
				GCC_WARN_ABOUT_RETURN_TYPE = YES_ERROR;
				GCC_WARN_UNDECLARED_SELECTOR = YES;
				GCC_WARN_UNINITIALIZED_AUTOS = YES_AGGRESSIVE;
				GCC_WARN_UNUSED_FUNCTION = YES;
				GCC_WARN_UNUSED_VARIABLE = YES;
				IPHONEOS_DEPLOYMENT_TARGET = 13.2;
				MTL_ENABLE_DEBUG_INFO = NO;
				MTL_FAST_MATH = YES;
				SDKROOT = iphoneos;
				SWIFT_COMPILATION_MODE = wholemodule;
				SWIFT_OPTIMIZATION_LEVEL = "-O";
				VALIDATE_PRODUCT = YES;
			};
			name = Release;
		};
		F87CAE7D2415D6690009FEFF /* Debug */ = {
			isa = XCBuildConfiguration;
			buildSettings = {
				ASSETCATALOG_COMPILER_APPICON_NAME = AppIcon;
				CODE_SIGN_STYLE = Automatic;
				DEVELOPMENT_TEAM = 2TX477DJ7L;
				INFOPLIST_FILE = Ebook/Info.plist;
				LD_RUNPATH_SEARCH_PATHS = (
					"$(inherited)",
					"@executable_path/Frameworks",
				);
				PRODUCT_BUNDLE_IDENTIFIER = com.star.Ebook;
				PRODUCT_NAME = "$(TARGET_NAME)";
				SWIFT_VERSION = 5.0;
				TARGETED_DEVICE_FAMILY = "1,2";
			};
			name = Debug;
		};
		F87CAE7E2415D6690009FEFF /* Release */ = {
			isa = XCBuildConfiguration;
			buildSettings = {
				ASSETCATALOG_COMPILER_APPICON_NAME = AppIcon;
				CODE_SIGN_STYLE = Automatic;
				DEVELOPMENT_TEAM = 2TX477DJ7L;
				INFOPLIST_FILE = Ebook/Info.plist;
				LD_RUNPATH_SEARCH_PATHS = (
					"$(inherited)",
					"@executable_path/Frameworks",
				);
				PRODUCT_BUNDLE_IDENTIFIER = com.star.Ebook;
				PRODUCT_NAME = "$(TARGET_NAME)";
				SWIFT_VERSION = 5.0;
				TARGETED_DEVICE_FAMILY = "1,2";
			};
			name = Release;
		};
/* End XCBuildConfiguration section */

/* Begin XCConfigurationList section */
		F87CAE632415D6650009FEFF /* Build configuration list for PBXProject "Ebook" */ = {
			isa = XCConfigurationList;
			buildConfigurations = (
				F87CAE7A2415D6690009FEFF /* Debug */,
				F87CAE7B2415D6690009FEFF /* Release */,
			);
			defaultConfigurationIsVisible = 0;
			defaultConfigurationName = Release;
		};
		F87CAE7C2415D6690009FEFF /* Build configuration list for PBXNativeTarget "Ebook" */ = {
			isa = XCConfigurationList;
			buildConfigurations = (
				F87CAE7D2415D6690009FEFF /* Debug */,
				F87CAE7E2415D6690009FEFF /* Release */,
			);
			defaultConfigurationIsVisible = 0;
			defaultConfigurationName = Release;
		};
/* End XCConfigurationList section */
	};
	rootObject = F87CAE602415D6650009FEFF /* Project object */;
}
